
Microsoft Visual Studio Solution File, Format Version 12.00
# Visual Studio Express 15 for Windows Desktop
VisualStudioVersion = 15.0.35319.79
MinimumVisualStudioVersion = 10.0.40219.1
Project("{8BC9CEB8-8B4A-11D0-8D11-00A0C91BC942}") = "SWEA4012", "SWEA4012\SWEA4012.vcxproj", "{092A33CA-D0F3-4F35-8CE0-D3001D46E1B9}"
EndProject
Global
	GlobalSection(SolutionConfigurationPlatforms) = preSolution
		Debug|x64 = Debug|x64
		Debug|x86 = Debug|x86
		Release|x64 = Release|x64
		Release|x86 = Release|x86
	EndGlobalSection
	GlobalSection(ProjectConfigurationPlatforms) = postSolution
		{092A33CA-D0F3-4F35-8CE0-D3001D46E1B9}.Debug|x64.ActiveCfg = Debug|x64
		{092A33CA-D0F3-4F35-8CE0-D3001D46E1B9}.Debug|x64.Build.0 = Debug|x64
		{092A33CA-D0F3-4F35-8CE0-D3001D46E1B9}.Debug|x86.ActiveCfg = Debug|Win32
		{092A33CA-D0F3-4F35-8CE0-D3001D46E1B9}.Debug|x86.Build.0 = Debug|Win32
		{092A33CA-D0F3-4F35-8CE0-D3001D46E1B9}.Release|x64.ActiveCfg = Release|x64
		{092A33CA-D0F3-4F35-8CE0-D3001D46E1B9}.Release|x64.Build.0 = Release|x64
		{092A33CA-D0F3-4F35-8CE0-D3001D46E1B9}.Release|x86.ActiveCfg = Release|Win32
		{092A33CA-D0F3-4F35-8CE0-D3001D46E1B9}.Release|x86.Build.0 = Release|Win32
	EndGlobalSection
	GlobalSection(SolutionProperties) = preSolution
		HideSolutionNode = FALSE
	EndGlobalSection
	GlobalSection(ExtensibilityGlobals) = postSolution
		SolutionGuid = {FF4F4BA6-A949-405F-8E66-A6978FE0FC9F}
	EndGlobalSection
EndGlobal
